
Microsoft Visual Studio Solution File, Format Version 12.00
# Visual Studio 15
VisualStudioVersion = 15.0.26430.15
MinimumVisualStudioVersion = 10.0.40219.1
Project("{FAE04EC0-301F-11D3-BF4B-00C04F79EFBC}") = "KensConsoleApp", "KensConsoleApp\KensConsoleApp.csproj", "{19FC9E22-5822-4D10-BA4A-172C517E87E2}"
EndProject
Project("{FAE04EC0-301F-11D3-BF4B-00C04F79EFBC}") = "KensLibDll", "KensLibDll\KensLibDll.csproj", "{BC3A957C-FC67-4F24-B195-F61344628CB1}"
EndProject
Project("{FAE04EC0-301F-11D3-BF4B-00C04F79EFBC}") = "KensWebApi", "KensWebApi\KensWebApi.csproj", "{A62A128D-B9AD-4D34-A25A-EFA1276C8260}"
EndProject
Project("{FAE04EC0-301F-11D3-BF4B-00C04F79EFBC}") = "KensWebApi.Tests", "KensWebApi.Tests\KensWebApi.Tests.csproj", "{63850774-58FB-4CAB-B7F8-EA970A134047}"
EndProject
Project("{FAE04EC0-301F-11D3-BF4B-00C04F79EFBC}") = "LegacyAspNetApp", "LegacyAspNetApp\LegacyAspNetApp.csproj", "{7B414511-26F9-448E-B6A4-DE42F36F1DDB}"
EndProject
Global
	GlobalSection(SolutionConfigurationPlatforms) = preSolution
		Debug|Any CPU = Debug|Any CPU
		Release|Any CPU = Release|Any CPU
	EndGlobalSection
	GlobalSection(ProjectConfigurationPlatforms) = postSolution
		{19FC9E22-5822-4D10-BA4A-172C517E87E2}.Debug|Any CPU.ActiveCfg = Debug|Any CPU
		{19FC9E22-5822-4D10-BA4A-172C517E87E2}.Debug|Any CPU.Build.0 = Debug|Any CPU
		{19FC9E22-5822-4D10-BA4A-172C517E87E2}.Release|Any CPU.ActiveCfg = Release|Any CPU
		{19FC9E22-5822-4D10-BA4A-172C517E87E2}.Release|Any CPU.Build.0 = Release|Any CPU
		{BC3A957C-FC67-4F24-B195-F61344628CB1}.Debug|Any CPU.ActiveCfg = Debug|Any CPU
		{BC3A957C-FC67-4F24-B195-F61344628CB1}.Debug|Any CPU.Build.0 = Debug|Any CPU
		{BC3A957C-FC67-4F24-B195-F61344628CB1}.Release|Any CPU.ActiveCfg = Release|Any CPU
		{BC3A957C-FC67-4F24-B195-F61344628CB1}.Release|Any CPU.Build.0 = Release|Any CPU
		{A62A128D-B9AD-4D34-A25A-EFA1276C8260}.Debug|Any CPU.ActiveCfg = Debug|Any CPU
		{A62A128D-B9AD-4D34-A25A-EFA1276C8260}.Debug|Any CPU.Build.0 = Debug|Any CPU
		{A62A128D-B9AD-4D34-A25A-EFA1276C8260}.Release|Any CPU.ActiveCfg = Release|Any CPU
		{A62A128D-B9AD-4D34-A25A-EFA1276C8260}.Release|Any CPU.Build.0 = Release|Any CPU
		{63850774-58FB-4CAB-B7F8-EA970A134047}.Debug|Any CPU.ActiveCfg = Debug|Any CPU
		{63850774-58FB-4CAB-B7F8-EA970A134047}.Debug|Any CPU.Build.0 = Debug|Any CPU
		{63850774-58FB-4CAB-B7F8-EA970A134047}.Release|Any CPU.ActiveCfg = Release|Any CPU
		{63850774-58FB-4CAB-B7F8-EA970A134047}.Release|Any CPU.Build.0 = Release|Any CPU
		{7B414511-26F9-448E-B6A4-DE42F36F1DDB}.Debug|Any CPU.ActiveCfg = Debug|Any CPU
		{7B414511-26F9-448E-B6A4-DE42F36F1DDB}.Debug|Any CPU.Build.0 = Debug|Any CPU
		{7B414511-26F9-448E-B6A4-DE42F36F1DDB}.Release|Any CPU.ActiveCfg = Release|Any CPU
		{7B414511-26F9-448E-B6A4-DE42F36F1DDB}.Release|Any CPU.Build.0 = Release|Any CPU
	EndGlobalSection
	GlobalSection(SolutionProperties) = preSolution
		HideSolutionNode = FALSE
	EndGlobalSection
EndGlobal
